
Microsoft Visual Studio Solution File, Format Version 12.00
# Visual Studio Version 16
VisualStudioVersion = 16.0.30413.136
MinimumVisualStudioVersion = 10.0.40219.1
Project("{FAE04EC0-301F-11D3-BF4B-00C04F79EFBC}") = "ExampleAPI", "ExampleAPI\ExampleAPI.csproj", "{D2ED7F6C-BD33-49ED-997E-EE39A8C64BCD}"
EndProject
Global
	GlobalSection(SolutionConfigurationPlatforms) = preSolution
		Debug|Any CPU = Debug|Any CPU
		Release|Any CPU = Release|Any CPU
	EndGlobalSection
	GlobalSection(ProjectConfigurationPlatforms) = postSolution
		{D2ED7F6C-BD33-49ED-997E-EE39A8C64BCD}.Debug|Any CPU.ActiveCfg = Debug|Any CPU
		{D2ED7F6C-BD33-49ED-997E-EE39A8C64BCD}.Debug|Any CPU.Build.0 = Debug|Any CPU
		{D2ED7F6C-BD33-49ED-997E-EE39A8C64BCD}.Release|Any CPU.ActiveCfg = Release|Any CPU
		{D2ED7F6C-BD33-49ED-997E-EE39A8C64BCD}.Release|Any CPU.Build.0 = Release|Any CPU
	EndGlobalSection
	GlobalSection(SolutionProperties) = preSolution
		HideSolutionNode = FALSE
	EndGlobalSection
	GlobalSection(ExtensibilityGlobals) = postSolution
		SolutionGuid = {CF3111D7-E831-4A0A-83F3-8DD71603066C}
	EndGlobalSection
EndGlobal
